
Microsoft Visual Studio Solution File, Format Version 12.00
# Visual Studio Version 17
VisualStudioVersion = 17.4.33213.308
MinimumVisualStudioVersion = 10.0.40219.1
Project("{9A19103F-16F7-4668-BE54-9A1E7A4F7556}") = "BookStoreAPI", "BookStoreAPI\BookStoreAPI.csproj", "{03748356-975F-4512-9482-12DBE0FB9C86}"
EndProject
Project("{9A19103F-16F7-4668-BE54-9A1E7A4F7556}") = "BookStoreClassLibrary", "BookStoreClassLibrary\BookStoreClassLibrary.csproj", "{877B11C5-E1B5-46D8-8F83-DE9260E410A8}"
EndProject
Project("{FAE04EC0-301F-11D3-BF4B-00C04F79EFBC}") = "BookStoreTests", "BookStoreTests\BookStoreTests.csproj", "{EE7A9190-D059-4C02-8E0A-86EC228C242E}"
EndProject
Global
	GlobalSection(SolutionConfigurationPlatforms) = preSolution
		Debug|Any CPU = Debug|Any CPU
		Release|Any CPU = Release|Any CPU
	EndGlobalSection
	GlobalSection(ProjectConfigurationPlatforms) = postSolution
		{03748356-975F-4512-9482-12DBE0FB9C86}.Debug|Any CPU.ActiveCfg = Debug|Any CPU
		{03748356-975F-4512-9482-12DBE0FB9C86}.Debug|Any CPU.Build.0 = Debug|Any CPU
		{03748356-975F-4512-9482-12DBE0FB9C86}.Release|Any CPU.ActiveCfg = Release|Any CPU
		{03748356-975F-4512-9482-12DBE0FB9C86}.Release|Any CPU.Build.0 = Release|Any CPU
		{877B11C5-E1B5-46D8-8F83-DE9260E410A8}.Debug|Any CPU.ActiveCfg = Debug|Any CPU
		{877B11C5-E1B5-46D8-8F83-DE9260E410A8}.Debug|Any CPU.Build.0 = Debug|Any CPU
		{877B11C5-E1B5-46D8-8F83-DE9260E410A8}.Release|Any CPU.ActiveCfg = Release|Any CPU
		{877B11C5-E1B5-46D8-8F83-DE9260E410A8}.Release|Any CPU.Build.0 = Release|Any CPU
		{EE7A9190-D059-4C02-8E0A-86EC228C242E}.Debug|Any CPU.ActiveCfg = Debug|Any CPU
		{EE7A9190-D059-4C02-8E0A-86EC228C242E}.Debug|Any CPU.Build.0 = Debug|Any CPU
		{EE7A9190-D059-4C02-8E0A-86EC228C242E}.Release|Any CPU.ActiveCfg = Release|Any CPU
		{EE7A9190-D059-4C02-8E0A-86EC228C242E}.Release|Any CPU.Build.0 = Release|Any CPU
	EndGlobalSection
	GlobalSection(SolutionProperties) = preSolution
		HideSolutionNode = FALSE
	EndGlobalSection
	GlobalSection(ExtensibilityGlobals) = postSolution
		SolutionGuid = {D7BCBF81-E13F-4617-B266-2B8965EECD57}
	EndGlobalSection
EndGlobal
